
Microsoft Visual Studio Solution File, Format Version 12.00
# Visual Studio Version 18
VisualStudioVersion = 18.3.11218.70
MinimumVisualStudioVersion = 10.0.40219.1
Project("{FAE04EC0-301F-11D3-BF4B-00C04F79EFBC}") = "Pandowdy.UI", "Pandowdy.UI\Pandowdy.UI.csproj", "{C04F2AF5-3C3E-AC7C-1AC8-E98647B00F3B}"
	ProjectSection(ProjectDependencies) = postProject
		{16090E2A-2662-1837-6F57-9D81C7191690} = {16090E2A-2662-1837-6F57-9D81C7191690}
		{26CBF272-F5E7-C706-D3FA-314632D55CEE} = {26CBF272-F5E7-C706-D3FA-314632D55CEE}
		{2B3AAF1B-836B-46B3-87CE-3D3A08F80255} = {2B3AAF1B-836B-46B3-87CE-3D3A08F80255}
		{30F13AD7-DE47-F71A-4A08-C6D554092F13} = {30F13AD7-DE47-F71A-4A08-C6D554092F13}
		{F5E74FE8-2A77-4E18-9BAC-3F0245F96DEE} = {F5E74FE8-2A77-4E18-9BAC-3F0245F96DEE}
	EndProjectSection
EndProject
Project("{FAE04EC0-301F-11D3-BF4B-00C04F79EFBC}") = "Pandowdy.Core", "Pandowdy.Core\Pandowdy.Core.csproj", "{2B3AAF1B-836B-46B3-87CE-3D3A08F80255}"
	ProjectSection(ProjectDependencies) = postProject
		{26CBF272-F5E7-C706-D3FA-314632D55CEE} = {26CBF272-F5E7-C706-D3FA-314632D55CEE}
		{30F13AD7-DE47-F71A-4A08-C6D554092F13} = {30F13AD7-DE47-F71A-4A08-C6D554092F13}
		{F5E74FE8-2A77-4E18-9BAC-3F0245F96DEE} = {F5E74FE8-2A77-4E18-9BAC-3F0245F96DEE}
	EndProjectSection
EndProject
Project("{2150E333-8FDC-42A3-9474-1A3956D46DE8}") = "Assets", "Assets", "{02EA681E-C7D8-13C7-8484-4AC65E1B71E8}"
	ProjectSection(SolutionItems) = preProject
		assets\a2e_enh_c-f.rom = assets\a2e_enh_c-f.rom
		assets\a2e_enh_video.rom = assets\a2e_enh_video.rom
		assets\Apple2Forever\Apple2Forever.ttf = assets\Apple2Forever\Apple2Forever.ttf
		assets\Apple2Forever\Apple2Forever80.ttf = assets\Apple2Forever\Apple2Forever80.ttf
		assets\ico\pandowdy.ico = assets\ico\pandowdy.ico
		assets\ico\pandowdy_1024.png = assets\ico\pandowdy_1024.png
		assets\ico\pandowdy_128.png = assets\ico\pandowdy_128.png
		assets\ico\pandowdy_16.png = assets\ico\pandowdy_16.png
		assets\ico\pandowdy_24.png = assets\ico\pandowdy_24.png
		assets\ico\pandowdy_256.png = assets\ico\pandowdy_256.png
		assets\ico\pandowdy_32.png = assets\ico\pandowdy_32.png
		assets\ico\pandowdy_48.png = assets\ico\pandowdy_48.png
		assets\ico\pandowdy_512.png = assets\ico\pandowdy_512.png
		assets\ico\pandowdy_64.png = assets\ico\pandowdy_64.png
		assets\ico\README.md = assets\ico\README.md
	EndProjectSection
EndProject
Project("{2150E333-8FDC-42A3-9474-1A3956D46DE8}") = "Libs", "Libs", "{FD974DB3-D11C-4196-B1A9-E2122F997281}"
	ProjectSection(SolutionItems) = preProject
		libs\CommonUtil.dll = libs\CommonUtil.dll
		libs\DiskArc.dll = libs\DiskArc.dll
		libs\FileConv.dll = libs\FileConv.dll
	EndProjectSection
EndProject
Project("{2150E333-8FDC-42A3-9474-1A3956D46DE8}") = "Docs", "Docs", "{BABE080F-8A88-4BFC-8A17-ABDDA536D783}"
	ProjectSection(SolutionItems) = preProject
		Debugger Notes.md = Debugger Notes.md
		docs\Git Strategy.md = docs\Git Strategy.md
		Project Outline.md = Project Outline.md
	EndProjectSection
EndProject
Project("{FAE04EC0-301F-11D3-BF4B-00C04F79EFBC}") = "DiskArc", "legacy\CiderPress2\DiskArc\DiskArc.csproj", "{F5E74FE8-2A77-4E18-9BAC-3F0245F96DEE}"
EndProject
Project("{FAE04EC0-301F-11D3-BF4B-00C04F79EFBC}") = "FileConv", "legacy\CiderPress2\FileConv\FileConv.csproj", "{30F13AD7-DE47-F71A-4A08-C6D554092F13}"
EndProject
Project("{FAE04EC0-301F-11D3-BF4B-00C04F79EFBC}") = "CommonUtil", "legacy\CiderPress2\CommonUtil\CommonUtil.csproj", "{26CBF272-F5E7-C706-D3FA-314632D55CEE}"
EndProject
Project("{8BC9CEB8-8B4A-11D0-8D11-00A0C91BC942}") = "AppleSAWS", "legacy\AppleSAWS\build\AppleSAWS.vcxproj", "{808BC2E4-B22D-3B60-AAEF-63F7109CA8B3}"
EndProject
Project("{FAE04EC0-301F-11D3-BF4B-00C04F79EFBC}") = "Emulator", "legacy\6502.NET\Emulator\Emulator.csproj", "{16090E2A-2662-1837-6F57-9D81C7191690}"
EndProject
Project("{FAE04EC0-301F-11D3-BF4B-00C04F79EFBC}") = "Utilities", "legacy\6502.NET\Utilities\Utilities.csproj", "{D86ED6DC-C706-7482-BC57-60EB0C8DBFE3}"
EndProject
Project("{FAE04EC0-301F-11D3-BF4B-00C04F79EFBC}") = "Pandowdy.Tests", "Pandowdy.Tests\Pandowdy.Tests.csproj", "{3D1BE63F-08F2-876B-D0D6-C1FDB558CD4F}"
EndProject
Global
	GlobalSection(SolutionConfigurationPlatforms) = preSolution
		Debug|Any CPU = Debug|Any CPU
		Debug|x64 = Debug|x64
		MinSizeRel|Any CPU = MinSizeRel|Any CPU
		MinSizeRel|x64 = MinSizeRel|x64
		Release|Any CPU = Release|Any CPU
		Release|x64 = Release|x64
		RelWithDebInfo|Any CPU = RelWithDebInfo|Any CPU
		RelWithDebInfo|x64 = RelWithDebInfo|x64
	EndGlobalSection
	GlobalSection(ProjectConfigurationPlatforms) = postSolution
		{C04F2AF5-3C3E-AC7C-1AC8-E98647B00F3B}.Debug|Any CPU.ActiveCfg = Debug|Any CPU
		{C04F2AF5-3C3E-AC7C-1AC8-E98647B00F3B}.Debug|Any CPU.Build.0 = Debug|Any CPU
		{C04F2AF5-3C3E-AC7C-1AC8-E98647B00F3B}.Debug|x64.ActiveCfg = Debug|Any CPU
		{C04F2AF5-3C3E-AC7C-1AC8-E98647B00F3B}.Debug|x64.Build.0 = Debug|Any CPU
		{C04F2AF5-3C3E-AC7C-1AC8-E98647B00F3B}.MinSizeRel|Any CPU.ActiveCfg = Release|Any CPU
		{C04F2AF5-3C3E-AC7C-1AC8-E98647B00F3B}.MinSizeRel|Any CPU.Build.0 = Release|Any CPU
		{C04F2AF5-3C3E-AC7C-1AC8-E98647B00F3B}.MinSizeRel|x64.ActiveCfg = Release|Any CPU
		{C04F2AF5-3C3E-AC7C-1AC8-E98647B00F3B}.MinSizeRel|x64.Build.0 = Release|Any CPU
		{C04F2AF5-3C3E-AC7C-1AC8-E98647B00F3B}.Release|Any CPU.ActiveCfg = Release|Any CPU
		{C04F2AF5-3C3E-AC7C-1AC8-E98647B00F3B}.Release|Any CPU.Build.0 = Release|Any CPU
		{C04F2AF5-3C3E-AC7C-1AC8-E98647B00F3B}.Release|x64.ActiveCfg = Release|Any CPU
		{C04F2AF5-3C3E-AC7C-1AC8-E98647B00F3B}.Release|x64.Build.0 = Release|Any CPU
		{C04F2AF5-3C3E-AC7C-1AC8-E98647B00F3B}.RelWithDebInfo|Any CPU.ActiveCfg = Debug|Any CPU
		{C04F2AF5-3C3E-AC7C-1AC8-E98647B00F3B}.RelWithDebInfo|Any CPU.Build.0 = Debug|Any CPU
		{C04F2AF5-3C3E-AC7C-1AC8-E98647B00F3B}.RelWithDebInfo|x64.ActiveCfg = Debug|Any CPU
		{C04F2AF5-3C3E-AC7C-1AC8-E98647B00F3B}.RelWithDebInfo|x64.Build.0 = Debug|Any CPU
		{2B3AAF1B-836B-46B3-87CE-3D3A08F80255}.Debug|Any CPU.ActiveCfg = Debug|Any CPU
		{2B3AAF1B-836B-46B3-87CE-3D3A08F80255}.Debug|Any CPU.Build.0 = Debug|Any CPU
		{2B3AAF1B-836B-46B3-87CE-3D3A08F80255}.Debug|x64.ActiveCfg = Debug|Any CPU
		{2B3AAF1B-836B-46B3-87CE-3D3A08F80255}.Debug|x64.Build.0 = Debug|Any CPU
		{2B3AAF1B-836B-46B3-87CE-3D3A08F80255}.MinSizeRel|Any CPU.ActiveCfg = Release|Any CPU
		{2B3AAF1B-836B-46B3-87CE-3D3A08F80255}.MinSizeRel|Any CPU.Build.0 = Release|Any CPU
		{2B3AAF1B-836B-46B3-87CE-3D3A08F80255}.MinSizeRel|x64.ActiveCfg = Release|Any CPU
		{2B3AAF1B-836B-46B3-87CE-3D3A08F80255}.MinSizeRel|x64.Build.0 = Release|Any CPU
		{2B3AAF1B-836B-46B3-87CE-3D3A08F80255}.Release|Any CPU.ActiveCfg = Release|Any CPU
		{2B3AAF1B-836B-46B3-87CE-3D3A08F80255}.Release|Any CPU.Build.0 = Release|Any CPU
		{2B3AAF1B-836B-46B3-87CE-3D3A08F80255}.Release|x64.ActiveCfg = Release|Any CPU
		{2B3AAF1B-836B-46B3-87CE-3D3A08F80255}.Release|x64.Build.0 = Release|Any CPU
		{2B3AAF1B-836B-46B3-87CE-3D3A08F80255}.RelWithDebInfo|Any CPU.ActiveCfg = Debug|Any CPU
		{2B3AAF1B-836B-46B3-87CE-3D3A08F80255}.RelWithDebInfo|Any CPU.Build.0 = Debug|Any CPU
		{2B3AAF1B-836B-46B3-87CE-3D3A08F80255}.RelWithDebInfo|x64.ActiveCfg = Debug|Any CPU
		{2B3AAF1B-836B-46B3-87CE-3D3A08F80255}.RelWithDebInfo|x64.Build.0 = Debug|Any CPU
		{F5E74FE8-2A77-4E18-9BAC-3F0245F96DEE}.Debug|Any CPU.ActiveCfg = Debug|Any CPU
		{F5E74FE8-2A77-4E18-9BAC-3F0245F96DEE}.Debug|Any CPU.Build.0 = Debug|Any CPU
		{F5E74FE8-2A77-4E18-9BAC-3F0245F96DEE}.Debug|x64.ActiveCfg = Debug|Any CPU
		{F5E74FE8-2A77-4E18-9BAC-3F0245F96DEE}.Debug|x64.Build.0 = Debug|Any CPU
		{F5E74FE8-2A77-4E18-9BAC-3F0245F96DEE}.MinSizeRel|Any CPU.ActiveCfg = Release|Any CPU
		{F5E74FE8-2A77-4E18-9BAC-3F0245F96DEE}.MinSizeRel|Any CPU.Build.0 = Release|Any CPU
		{F5E74FE8-2A77-4E18-9BAC-3F0245F96DEE}.MinSizeRel|x64.ActiveCfg = Release|Any CPU
		{F5E74FE8-2A77-4E18-9BAC-3F0245F96DEE}.MinSizeRel|x64.Build.0 = Release|Any CPU
		{F5E74FE8-2A77-4E18-9BAC-3F0245F96DEE}.Release|Any CPU.ActiveCfg = Release|Any CPU
		{F5E74FE8-2A77-4E18-9BAC-3F0245F96DEE}.Release|Any CPU.Build.0 = Release|Any CPU
		{F5E74FE8-2A77-4E18-9BAC-3F0245F96DEE}.Release|x64.ActiveCfg = Release|Any CPU
		{F5E74FE8-2A77-4E18-9BAC-3F0245F96DEE}.Release|x64.Build.0 = Release|Any CPU
		{F5E74FE8-2A77-4E18-9BAC-3F0245F96DEE}.RelWithDebInfo|Any CPU.ActiveCfg = Debug|Any CPU
		{F5E74FE8-2A77-4E18-9BAC-3F0245F96DEE}.RelWithDebInfo|Any CPU.Build.0 = Debug|Any CPU
		{F5E74FE8-2A77-4E18-9BAC-3F0245F96DEE}.RelWithDebInfo|x64.ActiveCfg = Debug|Any CPU
		{F5E74FE8-2A77-4E18-9BAC-3F0245F96DEE}.RelWithDebInfo|x64.Build.0 = Debug|Any CPU
		{30F13AD7-DE47-F71A-4A08-C6D554092F13}.Debug|Any CPU.ActiveCfg = Debug|Any CPU
		{30F13AD7-DE47-F71A-4A08-C6D554092F13}.Debug|Any CPU.Build.0 = Debug|Any CPU
		{30F13AD7-DE47-F71A-4A08-C6D554092F13}.Debug|x64.ActiveCfg = Debug|Any CPU
		{30F13AD7-DE47-F71A-4A08-C6D554092F13}.Debug|x64.Build.0 = Debug|Any CPU
		{30F13AD7-DE47-F71A-4A08-C6D554092F13}.MinSizeRel|Any CPU.ActiveCfg = Release|Any CPU
		{30F13AD7-DE47-F71A-4A08-C6D554092F13}.MinSizeRel|Any CPU.Build.0 = Release|Any CPU
		{30F13AD7-DE47-F71A-4A08-C6D554092F13}.MinSizeRel|x64.ActiveCfg = Release|Any CPU
		{30F13AD7-DE47-F71A-4A08-C6D554092F13}.MinSizeRel|x64.Build.0 = Release|Any CPU
		{30F13AD7-DE47-F71A-4A08-C6D554092F13}.Release|Any CPU.ActiveCfg = Release|Any CPU
		{30F13AD7-DE47-F71A-4A08-C6D554092F13}.Release|Any CPU.Build.0 = Release|Any CPU
		{30F13AD7-DE47-F71A-4A08-C6D554092F13}.Release|x64.ActiveCfg = Release|Any CPU
		{30F13AD7-DE47-F71A-4A08-C6D554092F13}.Release|x64.Build.0 = Release|Any CPU
		{30F13AD7-DE47-F71A-4A08-C6D554092F13}.RelWithDebInfo|Any CPU.ActiveCfg = Debug|Any CPU
		{30F13AD7-DE47-F71A-4A08-C6D554092F13}.RelWithDebInfo|Any CPU.Build.0 = Debug|Any CPU
		{30F13AD7-DE47-F71A-4A08-C6D554092F13}.RelWithDebInfo|x64.ActiveCfg = Debug|Any CPU
		{30F13AD7-DE47-F71A-4A08-C6D554092F13}.RelWithDebInfo|x64.Build.0 = Debug|Any CPU
		{26CBF272-F5E7-C706-D3FA-314632D55CEE}.Debug|Any CPU.ActiveCfg = Debug|Any CPU
		{26CBF272-F5E7-C706-D3FA-314632D55CEE}.Debug|Any CPU.Build.0 = Debug|Any CPU
		{26CBF272-F5E7-C706-D3FA-314632D55CEE}.Debug|x64.ActiveCfg = Debug|Any CPU
		{26CBF272-F5E7-C706-D3FA-314632D55CEE}.Debug|x64.Build.0 = Debug|Any CPU
		{26CBF272-F5E7-C706-D3FA-314632D55CEE}.MinSizeRel|Any CPU.ActiveCfg = Release|Any CPU
		{26CBF272-F5E7-C706-D3FA-314632D55CEE}.MinSizeRel|Any CPU.Build.0 = Release|Any CPU
		{26CBF272-F5E7-C706-D3FA-314632D55CEE}.MinSizeRel|x64.ActiveCfg = Release|Any CPU
		{26CBF272-F5E7-C706-D3FA-314632D55CEE}.MinSizeRel|x64.Build.0 = Release|Any CPU
		{26CBF272-F5E7-C706-D3FA-314632D55CEE}.Release|Any CPU.ActiveCfg = Release|Any CPU
		{26CBF272-F5E7-C706-D3FA-314632D55CEE}.Release|Any CPU.Build.0 = Release|Any CPU
		{26CBF272-F5E7-C706-D3FA-314632D55CEE}.Release|x64.ActiveCfg = Release|Any CPU
		{26CBF272-F5E7-C706-D3FA-314632D55CEE}.Release|x64.Build.0 = Release|Any CPU
		{26CBF272-F5E7-C706-D3FA-314632D55CEE}.RelWithDebInfo|Any CPU.ActiveCfg = Debug|Any CPU
		{26CBF272-F5E7-C706-D3FA-314632D55CEE}.RelWithDebInfo|Any CPU.Build.0 = Debug|Any CPU
		{26CBF272-F5E7-C706-D3FA-314632D55CEE}.RelWithDebInfo|x64.ActiveCfg = Debug|Any CPU
		{26CBF272-F5E7-C706-D3FA-314632D55CEE}.RelWithDebInfo|x64.Build.0 = Debug|Any CPU
		{808BC2E4-B22D-3B60-AAEF-63F7109CA8B3}.Debug|Any CPU.ActiveCfg = Debug|x64
		{808BC2E4-B22D-3B60-AAEF-63F7109CA8B3}.Debug|x64.ActiveCfg = Debug|x64
		{808BC2E4-B22D-3B60-AAEF-63F7109CA8B3}.Debug|x64.Build.0 = Debug|x64
		{808BC2E4-B22D-3B60-AAEF-63F7109CA8B3}.MinSizeRel|Any CPU.ActiveCfg = MinSizeRel|x64
		{808BC2E4-B22D-3B60-AAEF-63F7109CA8B3}.MinSizeRel|Any CPU.Build.0 = MinSizeRel|x64
		{808BC2E4-B22D-3B60-AAEF-63F7109CA8B3}.MinSizeRel|x64.ActiveCfg = MinSizeRel|x64
		{808BC2E4-B22D-3B60-AAEF-63F7109CA8B3}.MinSizeRel|x64.Build.0 = MinSizeRel|x64
		{808BC2E4-B22D-3B60-AAEF-63F7109CA8B3}.Release|Any CPU.ActiveCfg = Release|x64
		{808BC2E4-B22D-3B60-AAEF-63F7109CA8B3}.Release|Any CPU.Build.0 = Release|x64
		{808BC2E4-B22D-3B60-AAEF-63F7109CA8B3}.Release|x64.ActiveCfg = Release|x64
		{808BC2E4-B22D-3B60-AAEF-63F7109CA8B3}.Release|x64.Build.0 = Release|x64
		{808BC2E4-B22D-3B60-AAEF-63F7109CA8B3}.RelWithDebInfo|Any CPU.ActiveCfg = RelWithDebInfo|x64
		{808BC2E4-B22D-3B60-AAEF-63F7109CA8B3}.RelWithDebInfo|Any CPU.Build.0 = RelWithDebInfo|x64
		{808BC2E4-B22D-3B60-AAEF-63F7109CA8B3}.RelWithDebInfo|x64.ActiveCfg = RelWithDebInfo|x64
		{808BC2E4-B22D-3B60-AAEF-63F7109CA8B3}.RelWithDebInfo|x64.Build.0 = RelWithDebInfo|x64
		{16090E2A-2662-1837-6F57-9D81C7191690}.Debug|Any CPU.ActiveCfg = Debug|Any CPU
		{16090E2A-2662-1837-6F57-9D81C7191690}.Debug|Any CPU.Build.0 = Debug|Any CPU
		{16090E2A-2662-1837-6F57-9D81C7191690}.Debug|x64.ActiveCfg = Debug|Any CPU
		{16090E2A-2662-1837-6F57-9D81C7191690}.Debug|x64.Build.0 = Debug|Any CPU
		{16090E2A-2662-1837-6F57-9D81C7191690}.MinSizeRel|Any CPU.ActiveCfg = Release|Any CPU
		{16090E2A-2662-1837-6F57-9D81C7191690}.MinSizeRel|Any CPU.Build.0 = Release|Any CPU
		{16090E2A-2662-1837-6F57-9D81C7191690}.MinSizeRel|x64.ActiveCfg = Release|Any CPU
		{16090E2A-2662-1837-6F57-9D81C7191690}.MinSizeRel|x64.Build.0 = Release|Any CPU
		{16090E2A-2662-1837-6F57-9D81C7191690}.Release|Any CPU.ActiveCfg = Release|Any CPU
		{16090E2A-2662-1837-6F57-9D81C7191690}.Release|Any CPU.Build.0 = Release|Any CPU
		{16090E2A-2662-1837-6F57-9D81C7191690}.Release|x64.ActiveCfg = Release|Any CPU
		{16090E2A-2662-1837-6F57-9D81C7191690}.Release|x64.Build.0 = Release|Any CPU
		{16090E2A-2662-1837-6F57-9D81C7191690}.RelWithDebInfo|Any CPU.ActiveCfg = Debug|Any CPU
		{16090E2A-2662-1837-6F57-9D81C7191690}.RelWithDebInfo|Any CPU.Build.0 = Debug|Any CPU
		{16090E2A-2662-1837-6F57-9D81C7191690}.RelWithDebInfo|x64.ActiveCfg = Debug|Any CPU
		{16090E2A-2662-1837-6F57-9D81C7191690}.RelWithDebInfo|x64.Build.0 = Debug|Any CPU
		{D86ED6DC-C706-7482-BC57-60EB0C8DBFE3}.Debug|Any CPU.ActiveCfg = Debug|Any CPU
		{D86ED6DC-C706-7482-BC57-60EB0C8DBFE3}.Debug|Any CPU.Build.0 = Debug|Any CPU
		{D86ED6DC-C706-7482-BC57-60EB0C8DBFE3}.Debug|x64.ActiveCfg = Debug|Any CPU
		{D86ED6DC-C706-7482-BC57-60EB0C8DBFE3}.Debug|x64.Build.0 = Debug|Any CPU
		{D86ED6DC-C706-7482-BC57-60EB0C8DBFE3}.MinSizeRel|Any CPU.ActiveCfg = Release|Any CPU
		{D86ED6DC-C706-7482-BC57-60EB0C8DBFE3}.MinSizeRel|Any CPU.Build.0 = Release|Any CPU
		{D86ED6DC-C706-7482-BC57-60EB0C8DBFE3}.MinSizeRel|x64.ActiveCfg = Release|Any CPU
		{D86ED6DC-C706-7482-BC57-60EB0C8DBFE3}.MinSizeRel|x64.Build.0 = Release|Any CPU
		{D86ED6DC-C706-7482-BC57-60EB0C8DBFE3}.Release|Any CPU.ActiveCfg = Release|Any CPU
		{D86ED6DC-C706-7482-BC57-60EB0C8DBFE3}.Release|Any CPU.Build.0 = Release|Any CPU
		{D86ED6DC-C706-7482-BC57-60EB0C8DBFE3}.Release|x64.ActiveCfg = Release|Any CPU
		{D86ED6DC-C706-7482-BC57-60EB0C8DBFE3}.Release|x64.Build.0 = Release|Any CPU
		{D86ED6DC-C706-7482-BC57-60EB0C8DBFE3}.RelWithDebInfo|Any CPU.ActiveCfg = Debug|Any CPU
		{D86ED6DC-C706-7482-BC57-60EB0C8DBFE3}.RelWithDebInfo|Any CPU.Build.0 = Debug|Any CPU
		{D86ED6DC-C706-7482-BC57-60EB0C8DBFE3}.RelWithDebInfo|x64.ActiveCfg = Debug|Any CPU
		{D86ED6DC-C706-7482-BC57-60EB0C8DBFE3}.RelWithDebInfo|x64.Build.0 = Debug|Any CPU
		{3D1BE63F-08F2-876B-D0D6-C1FDB558CD4F}.Debug|Any CPU.ActiveCfg = Debug|Any CPU
		{3D1BE63F-08F2-876B-D0D6-C1FDB558CD4F}.Debug|Any CPU.Build.0 = Debug|Any CPU
		{3D1BE63F-08F2-876B-D0D6-C1FDB558CD4F}.Debug|x64.ActiveCfg = Debug|Any CPU
		{3D1BE63F-08F2-876B-D0D6-C1FDB558CD4F}.Debug|x64.Build.0 = Debug|Any CPU
		{3D1BE63F-08F2-876B-D0D6-C1FDB558CD4F}.MinSizeRel|Any CPU.ActiveCfg = Release|Any CPU
		{3D1BE63F-08F2-876B-D0D6-C1FDB558CD4F}.MinSizeRel|Any CPU.Build.0 = Release|Any CPU
		{3D1BE63F-08F2-876B-D0D6-C1FDB558CD4F}.MinSizeRel|x64.ActiveCfg = Release|Any CPU
		{3D1BE63F-08F2-876B-D0D6-C1FDB558CD4F}.MinSizeRel|x64.Build.0 = Release|Any CPU
		{3D1BE63F-08F2-876B-D0D6-C1FDB558CD4F}.Release|Any CPU.ActiveCfg = Release|Any CPU
		{3D1BE63F-08F2-876B-D0D6-C1FDB558CD4F}.Release|Any CPU.Build.0 = Release|Any CPU
		{3D1BE63F-08F2-876B-D0D6-C1FDB558CD4F}.Release|x64.ActiveCfg = Release|Any CPU
		{3D1BE63F-08F2-876B-D0D6-C1FDB558CD4F}.Release|x64.Build.0 = Release|Any CPU
		{3D1BE63F-08F2-876B-D0D6-C1FDB558CD4F}.RelWithDebInfo|Any CPU.ActiveCfg = Debug|Any CPU
		{3D1BE63F-08F2-876B-D0D6-C1FDB558CD4F}.RelWithDebInfo|Any CPU.Build.0 = Debug|Any CPU
		{3D1BE63F-08F2-876B-D0D6-C1FDB558CD4F}.RelWithDebInfo|x64.ActiveCfg = Debug|Any CPU
		{3D1BE63F-08F2-876B-D0D6-C1FDB558CD4F}.RelWithDebInfo|x64.Build.0 = Debug|Any CPU
	EndGlobalSection
	GlobalSection(SolutionProperties) = preSolution
		HideSolutionNode = FALSE
	EndGlobalSection
	GlobalSection(ExtensibilityGlobals) = postSolution
		SolutionGuid = {9085D42A-6F6D-4FE5-A653-D60B77161933}
	EndGlobalSection
EndGlobal
